// !$*UTF8*$!
{
	archiveVersion = 1;
	classes = {
	};
	objectVersion = 50;
	objects = {

/* Begin PBXBuildFile section */
		234587CF238C5C9E00A6180F /* Service.swift in Sources */ = {isa = PBXBuildFile; fileRef = 234587CE238C5C9E00A6180F /* Service.swift */; };
		234587D1238C662100A6180F /* GithubService.swift in Sources */ = {isa = PBXBuildFile; fileRef = 234587D0238C662100A6180F /* GithubService.swift */; };
		234587D3238D91CA00A6180F /* ReqresInService.swift in Sources */ = {isa = PBXBuildFile; fileRef = 234587D2238D91CA00A6180F /* ReqresInService.swift */; };
		234587D7238DA06E00A6180F /* Models.swift in Sources */ = {isa = PBXBuildFile; fileRef = 234587D6238DA06E00A6180F /* Models.swift */; };
		234587DD238DAE8D00A6180F /* ServiceFactory.swift in Sources */ = {isa = PBXBuildFile; fileRef = 234587DC238DAE8D00A6180F /* ServiceFactory.swift */; };
		237028F32376072B00DE8E49 /* AppDelegate.swift in Sources */ = {isa = PBXBuildFile; fileRef = 237028F22376072B00DE8E49 /* AppDelegate.swift */; };
		237028F52376072B00DE8E49 /* SceneDelegate.swift in Sources */ = {isa = PBXBuildFile; fileRef = 237028F42376072B00DE8E49 /* SceneDelegate.swift */; };
		237028F72376072B00DE8E49 /* ContentView.swift in Sources */ = {isa = PBXBuildFile; fileRef = 237028F62376072B00DE8E49 /* ContentView.swift */; };
		237028F92376072C00DE8E49 /* Assets.xcassets in Resources */ = {isa = PBXBuildFile; fileRef = 237028F82376072C00DE8E49 /* Assets.xcassets */; };
		237028FC2376072C00DE8E49 /* Preview Assets.xcassets in Resources */ = {isa = PBXBuildFile; fileRef = 237028FB2376072C00DE8E49 /* Preview Assets.xcassets */; };
		237028FF2376072C00DE8E49 /* LaunchScreen.storyboard in Resources */ = {isa = PBXBuildFile; fileRef = 237028FD2376072C00DE8E49 /* LaunchScreen.storyboard */; };
		239FEC33237B2A360044D279 /* SomeViewController.swift in Sources */ = {isa = PBXBuildFile; fileRef = 239FEC32237B2A360044D279 /* SomeViewController.swift */; };
		239FEC35237B2A510044D279 /* AppCoordinator.swift in Sources */ = {isa = PBXBuildFile; fileRef = 239FEC34237B2A510044D279 /* AppCoordinator.swift */; };
/* End PBXBuildFile section */

/* Begin PBXFileReference section */
		234587CE238C5C9E00A6180F /* Service.swift */ = {isa = PBXFileReference; lastKnownFileType = sourcecode.swift; path = Service.swift; sourceTree = "<group>"; };
		234587D0238C662100A6180F /* GithubService.swift */ = {isa = PBXFileReference; lastKnownFileType = sourcecode.swift; path = GithubService.swift; sourceTree = "<group>"; };
		234587D2238D91CA00A6180F /* ReqresInService.swift */ = {isa = PBXFileReference; lastKnownFileType = sourcecode.swift; path = ReqresInService.swift; sourceTree = "<group>"; };
		234587D6238DA06E00A6180F /* Models.swift */ = {isa = PBXFileReference; lastKnownFileType = sourcecode.swift; path = Models.swift; sourceTree = "<group>"; };
		234587DC238DAE8D00A6180F /* ServiceFactory.swift */ = {isa = PBXFileReference; lastKnownFileType = sourcecode.swift; path = ServiceFactory.swift; sourceTree = "<group>"; };
		237028EF2376072B00DE8E49 /* SwiftUITest1.app */ = {isa = PBXFileReference; explicitFileType = wrapper.application; includeInIndex = 0; path = SwiftUITest1.app; sourceTree = BUILT_PRODUCTS_DIR; };
		237028F22376072B00DE8E49 /* AppDelegate.swift */ = {isa = PBXFileReference; lastKnownFileType = sourcecode.swift; path = AppDelegate.swift; sourceTree = "<group>"; };
		237028F42376072B00DE8E49 /* SceneDelegate.swift */ = {isa = PBXFileReference; lastKnownFileType = sourcecode.swift; path = SceneDelegate.swift; sourceTree = "<group>"; };
		237028F62376072B00DE8E49 /* ContentView.swift */ = {isa = PBXFileReference; lastKnownFileType = sourcecode.swift; path = ContentView.swift; sourceTree = "<group>"; };
		237028F82376072C00DE8E49 /* Assets.xcassets */ = {isa = PBXFileReference; lastKnownFileType = folder.assetcatalog; path = Assets.xcassets; sourceTree = "<group>"; };
		237028FB2376072C00DE8E49 /* Preview Assets.xcassets */ = {isa = PBXFileReference; lastKnownFileType = folder.assetcatalog; path = "Preview Assets.xcassets"; sourceTree = "<group>"; };
		237028FE2376072C00DE8E49 /* Base */ = {isa = PBXFileReference; lastKnownFileType = file.storyboard; name = Base; path = Base.lproj/LaunchScreen.storyboard; sourceTree = "<group>"; };
		237029002376072C00DE8E49 /* Info.plist */ = {isa = PBXFileReference; lastKnownFileType = text.plist.xml; path = Info.plist; sourceTree = "<group>"; };
		239FEC30237B28140044D279 /* SwiftUI.framework */ = {isa = PBXFileReference; lastKnownFileType = wrapper.framework; name = SwiftUI.framework; path = System/Library/Frameworks/SwiftUI.framework; sourceTree = SDKROOT; };
		239FEC32237B2A360044D279 /* SomeViewController.swift */ = {isa = PBXFileReference; lastKnownFileType = sourcecode.swift; path = SomeViewController.swift; sourceTree = "<group>"; };
		239FEC34237B2A510044D279 /* AppCoordinator.swift */ = {isa = PBXFileReference; lastKnownFileType = sourcecode.swift; path = AppCoordinator.swift; sourceTree = "<group>"; };
/* End PBXFileReference section */

/* Begin PBXFrameworksBuildPhase section */
		237028EC2376072B00DE8E49 /* Frameworks */ = {
			isa = PBXFrameworksBuildPhase;
			buildActionMask = 2147483647;
			files = (
			);
			runOnlyForDeploymentPostprocessing = 0;
		};
/* End PBXFrameworksBuildPhase section */

/* Begin PBXGroup section */
		234587D4238D9E8F00A6180F /* Services */ = {
			isa = PBXGroup;
			children = (
				234587CE238C5C9E00A6180F /* Service.swift */,
				234587D0238C662100A6180F /* GithubService.swift */,
				234587D2238D91CA00A6180F /* ReqresInService.swift */,
			);
			path = Services;
			sourceTree = "<group>";
		};
		234587D5238DA06500A6180F /* Models */ = {
			isa = PBXGroup;
			children = (
				234587D6238DA06E00A6180F /* Models.swift */,
			);
			path = Models;
			sourceTree = "<group>";
		};
		234587DB238DAE8100A6180F /* Factories */ = {
			isa = PBXGroup;
			children = (
				234587DC238DAE8D00A6180F /* ServiceFactory.swift */,
			);
			path = Factories;
			sourceTree = "<group>";
		};
		237028E62376072B00DE8E49 = {
			isa = PBXGroup;
			children = (
				237028F12376072B00DE8E49 /* SwiftUITest1 */,
				237028F02376072B00DE8E49 /* Products */,
				239FEC2F237B28140044D279 /* Frameworks */,
			);
			sourceTree = "<group>";
		};
		237028F02376072B00DE8E49 /* Products */ = {
			isa = PBXGroup;
			children = (
				237028EF2376072B00DE8E49 /* SwiftUITest1.app */,
			);
			name = Products;
			sourceTree = "<group>";
		};
		237028F12376072B00DE8E49 /* SwiftUITest1 */ = {
			isa = PBXGroup;
			children = (
				234587DB238DAE8100A6180F /* Factories */,
				234587D5238DA06500A6180F /* Models */,
				234587D4238D9E8F00A6180F /* Services */,
				239FEC34237B2A510044D279 /* AppCoordinator.swift */,
				239FEC32237B2A360044D279 /* SomeViewController.swift */,
				237028F22376072B00DE8E49 /* AppDelegate.swift */,
				237028F42376072B00DE8E49 /* SceneDelegate.swift */,
				237028F62376072B00DE8E49 /* ContentView.swift */,
				237028F82376072C00DE8E49 /* Assets.xcassets */,
				237028FD2376072C00DE8E49 /* LaunchScreen.storyboard */,
				237029002376072C00DE8E49 /* Info.plist */,
				237028FA2376072C00DE8E49 /* Preview Content */,
			);
			path = SwiftUITest1;
			sourceTree = "<group>";
		};
		237028FA2376072C00DE8E49 /* Preview Content */ = {
			isa = PBXGroup;
			children = (
				237028FB2376072C00DE8E49 /* Preview Assets.xcassets */,
			);
			path = "Preview Content";
			sourceTree = "<group>";
		};
		239FEC2F237B28140044D279 /* Frameworks */ = {
			isa = PBXGroup;
			children = (
				239FEC30237B28140044D279 /* SwiftUI.framework */,
			);
			name = Frameworks;
			sourceTree = "<group>";
		};
/* End PBXGroup section */

/* Begin PBXNativeTarget section */
		237028EE2376072B00DE8E49 /* SwiftUITest1 */ = {
			isa = PBXNativeTarget;
			buildConfigurationList = 237029032376072C00DE8E49 /* Build configuration list for PBXNativeTarget "SwiftUITest1" */;
			buildPhases = (
				237028EB2376072B00DE8E49 /* Sources */,
				237028EC2376072B00DE8E49 /* Frameworks */,
				237028ED2376072B00DE8E49 /* Resources */,
			);
			buildRules = (
			);
			dependencies = (
			);
			name = SwiftUITest1;
			productName = SwiftUITest1;
			productReference = 237028EF2376072B00DE8E49 /* SwiftUITest1.app */;
			productType = "com.apple.product-type.application";
		};
/* End PBXNativeTarget section */

/* Begin PBXProject section */
		237028E72376072B00DE8E49 /* Project object */ = {
			isa = PBXProject;
			attributes = {
				LastSwiftUpdateCheck = 1110;
				LastUpgradeCheck = 1110;
				ORGANIZATIONNAME = None;
				TargetAttributes = {
					237028EE2376072B00DE8E49 = {
						CreatedOnToolsVersion = 11.1;
					};
				};
			};
			buildConfigurationList = 237028EA2376072B00DE8E49 /* Build configuration list for PBXProject "SwiftUITest1" */;
			compatibilityVersion = "Xcode 9.3";
			developmentRegion = en;
			hasScannedForEncodings = 0;
			knownRegions = (
				en,
				Base,
			);
			mainGroup = 237028E62376072B00DE8E49;
			productRefGroup = 237028F02376072B00DE8E49 /* Products */;
			projectDirPath = "";
			projectRoot = "";
			targets = (
				237028EE2376072B00DE8E49 /* SwiftUITest1 */,
			);
		};
/* End PBXProject section */

/* Begin PBXResourcesBuildPhase section */
		237028ED2376072B00DE8E49 /* Resources */ = {
			isa = PBXResourcesBuildPhase;
			buildActionMask = 2147483647;
			files = (
				237028FF2376072C00DE8E49 /* LaunchScreen.storyboard in Resources */,
				237028FC2376072C00DE8E49 /* Preview Assets.xcassets in Resources */,
				237028F92376072C00DE8E49 /* Assets.xcassets in Resources */,
			);
			runOnlyForDeploymentPostprocessing = 0;
		};
/* End PBXResourcesBuildPhase section */

/* Begin PBXSourcesBuildPhase section */
		237028EB2376072B00DE8E49 /* Sources */ = {
			isa = PBXSourcesBuildPhase;
			buildActionMask = 2147483647;
			files = (
				234587DD238DAE8D00A6180F /* ServiceFactory.swift in Sources */,
				237028F32376072B00DE8E49 /* AppDelegate.swift in Sources */,
				237028F52376072B00DE8E49 /* SceneDelegate.swift in Sources */,
				234587D3238D91CA00A6180F /* ReqresInService.swift in Sources */,
				239FEC35237B2A510044D279 /* AppCoordinator.swift in Sources */,
				234587D1238C662100A6180F /* GithubService.swift in Sources */,
				234587CF238C5C9E00A6180F /* Service.swift in Sources */,
				234587D7238DA06E00A6180F /* Models.swift in Sources */,
				239FEC33237B2A360044D279 /* SomeViewController.swift in Sources */,
				237028F72376072B00DE8E49 /* ContentView.swift in Sources */,
			);
			runOnlyForDeploymentPostprocessing = 0;
		};
/* End PBXSourcesBuildPhase section */

/* Begin PBXVariantGroup section */
		237028FD2376072C00DE8E49 /* LaunchScreen.storyboard */ = {
			isa = PBXVariantGroup;
			children = (
				237028FE2376072C00DE8E49 /* Base */,
			);
			name = LaunchScreen.storyboard;
			sourceTree = "<group>";
		};
/* End PBXVariantGroup section */

/* Begin XCBuildConfiguration section */
		237029012376072C00DE8E49 /* Debug */ = {
			isa = XCBuildConfiguration;
			buildSettings = {
				ALWAYS_SEARCH_USER_PATHS = NO;
				CLANG_ANALYZER_NONNULL = YES;
				CLANG_ANALYZER_NUMBER_OBJECT_CONVERSION = YES_AGGRESSIVE;
				CLANG_CXX_LANGUAGE_STANDARD = "gnu++14";
				CLANG_CXX_LIBRARY = "libc++";
				CLANG_ENABLE_MODULES = YES;
				CLANG_ENABLE_OBJC_ARC = YES;
				CLANG_ENABLE_OBJC_WEAK = YES;
				CLANG_WARN_BLOCK_CAPTURE_AUTORELEASING = YES;
				CLANG_WARN_BOOL_CONVERSION = YES;
				CLANG_WARN_COMMA = YES;
				CLANG_WARN_CONSTANT_CONVERSION = YES;
				CLANG_WARN_DEPRECATED_OBJC_IMPLEMENTATIONS = YES;
				CLANG_WARN_DIRECT_OBJC_ISA_USAGE = YES_ERROR;
				CLANG_WARN_DOCUMENTATION_COMMENTS = YES;
				CLANG_WARN_EMPTY_BODY = YES;
				CLANG_WARN_ENUM_CONVERSION = YES;
				CLANG_WARN_INFINITE_RECURSION = YES;
				CLANG_WARN_INT_CONVERSION = YES;
				CLANG_WARN_NON_LITERAL_NULL_CONVERSION = YES;
				CLANG_WARN_OBJC_IMPLICIT_RETAIN_SELF = YES;
				CLANG_WARN_OBJC_LITERAL_CONVERSION = YES;
				CLANG_WARN_OBJC_ROOT_CLASS = YES_ERROR;
				CLANG_WARN_RANGE_LOOP_ANALYSIS = YES;
				CLANG_WARN_STRICT_PROTOTYPES = YES;
				CLANG_WARN_SUSPICIOUS_MOVE = YES;
				CLANG_WARN_UNGUARDED_AVAILABILITY = YES_AGGRESSIVE;
				CLANG_WARN_UNREACHABLE_CODE = YES;
				CLANG_WARN__DUPLICATE_METHOD_MATCH = YES;
				COPY_PHASE_STRIP = NO;
				DEBUG_INFORMATION_FORMAT = dwarf;
				ENABLE_STRICT_OBJC_MSGSEND = YES;
				ENABLE_TESTABILITY = YES;
				GCC_C_LANGUAGE_STANDARD = gnu11;
				GCC_DYNAMIC_NO_PIC = NO;
				GCC_NO_COMMON_BLOCKS = YES;
				GCC_OPTIMIZATION_LEVEL = 0;
				GCC_PREPROCESSOR_DEFINITIONS = (
					"DEBUG=1",
					"$(inherited)",
				);
				GCC_WARN_64_TO_32_BIT_CONVERSION = YES;
				GCC_WARN_ABOUT_RETURN_TYPE = YES_ERROR;
				GCC_WARN_UNDECLARED_SELECTOR = YES;
				GCC_WARN_UNINITIALIZED_AUTOS = YES_AGGRESSIVE;
				GCC_WARN_UNUSED_FUNCTION = YES;
				GCC_WARN_UNUSED_VARIABLE = YES;
				IPHONEOS_DEPLOYMENT_TARGET = 13.0;
				MTL_ENABLE_DEBUG_INFO = INCLUDE_SOURCE;
				MTL_FAST_MATH = YES;
				ONLY_ACTIVE_ARCH = YES;
				SDKROOT = iphoneos;
				SWIFT_ACTIVE_COMPILATION_CONDITIONS = DEBUG;
				SWIFT_OPTIMIZATION_LEVEL = "-Onone";
			};
			name = Debug;
		};
		237029022376072C00DE8E49 /* Release */ = {
			isa = XCBuildConfiguration;
			buildSettings = {
				ALWAYS_SEARCH_USER_PATHS = NO;
				CLANG_ANALYZER_NONNULL = YES;
				CLANG_ANALYZER_NUMBER_OBJECT_CONVERSION = YES_AGGRESSIVE;
				CLANG_CXX_LANGUAGE_STANDARD = "gnu++14";
				CLANG_CXX_LIBRARY = "libc++";
				CLANG_ENABLE_MODULES = YES;
				CLANG_ENABLE_OBJC_ARC = YES;
				CLANG_ENABLE_OBJC_WEAK = YES;
				CLANG_WARN_BLOCK_CAPTURE_AUTORELEASING = YES;
				CLANG_WARN_BOOL_CONVERSION = YES;
				CLANG_WARN_COMMA = YES;
				CLANG_WARN_CONSTANT_CONVERSION = YES;
				CLANG_WARN_DEPRECATED_OBJC_IMPLEMENTATIONS = YES;
				CLANG_WARN_DIRECT_OBJC_ISA_USAGE = YES_ERROR;
				CLANG_WARN_DOCUMENTATION_COMMENTS = YES;
				CLANG_WARN_EMPTY_BODY = YES;
				CLANG_WARN_ENUM_CONVERSION = YES;
				CLANG_WARN_INFINITE_RECURSION = YES;
				CLANG_WARN_INT_CONVERSION = YES;
				CLANG_WARN_NON_LITERAL_NULL_CONVERSION = YES;
				CLANG_WARN_OBJC_IMPLICIT_RETAIN_SELF = YES;
				CLANG_WARN_OBJC_LITERAL_CONVERSION = YES;
				CLANG_WARN_OBJC_ROOT_CLASS = YES_ERROR;
				CLANG_WARN_RANGE_LOOP_ANALYSIS = YES;
				CLANG_WARN_STRICT_PROTOTYPES = YES;
				CLANG_WARN_SUSPICIOUS_MOVE = YES;
				CLANG_WARN_UNGUARDED_AVAILABILITY = YES_AGGRESSIVE;
				CLANG_WARN_UNREACHABLE_CODE = YES;
				CLANG_WARN__DUPLICATE_METHOD_MATCH = YES;
				COPY_PHASE_STRIP = NO;
				DEBUG_INFORMATION_FORMAT = "dwarf-with-dsym";
				ENABLE_NS_ASSERTIONS = NO;
				ENABLE_STRICT_OBJC_MSGSEND = YES;
				GCC_C_LANGUAGE_STANDARD = gnu11;
				GCC_NO_COMMON_BLOCKS = YES;
				GCC_WARN_64_TO_32_BIT_CONVERSION = YES;
				GCC_WARN_ABOUT_RETURN_TYPE = YES_ERROR;
				GCC_WARN_UNDECLARED_SELECTOR = YES;
				GCC_WARN_UNINITIALIZED_AUTOS = YES_AGGRESSIVE;
				GCC_WARN_UNUSED_FUNCTION = YES;
				GCC_WARN_UNUSED_VARIABLE = YES;
				IPHONEOS_DEPLOYMENT_TARGET = 13.0;
				MTL_ENABLE_DEBUG_INFO = NO;
				MTL_FAST_MATH = YES;
				SDKROOT = iphoneos;
				SWIFT_COMPILATION_MODE = wholemodule;
				SWIFT_OPTIMIZATION_LEVEL = "-O";
				VALIDATE_PRODUCT = YES;
			};
			name = Release;
		};
		237029042376072C00DE8E49 /* Debug */ = {
			isa = XCBuildConfiguration;
			buildSettings = {
				ASSETCATALOG_COMPILER_APPICON_NAME = AppIcon;
				CODE_SIGN_STYLE = Automatic;
				DEVELOPMENT_ASSET_PATHS = "\"SwiftUITest1/Preview Content\"";
				ENABLE_PREVIEWS = YES;
				INFOPLIST_FILE = SwiftUITest1/Info.plist;
				LD_RUNPATH_SEARCH_PATHS = (
					"$(inherited)",
					"@executable_path/Frameworks",
				);
				OTHER_LDFLAGS = (
					"-weak_framework",
					SwiftUI,
				);
				PRODUCT_BUNDLE_IDENTIFIER = pl.SwiftUITest1;
				PRODUCT_NAME = "$(TARGET_NAME)";
				SWIFT_VERSION = 5.0;
				TARGETED_DEVICE_FAMILY = "1,2";
			};
			name = Debug;
		};
		237029052376072C00DE8E49 /* Release */ = {
			isa = XCBuildConfiguration;
			buildSettings = {
				ASSETCATALOG_COMPILER_APPICON_NAME = AppIcon;
				CODE_SIGN_STYLE = Automatic;
				DEVELOPMENT_ASSET_PATHS = "\"SwiftUITest1/Preview Content\"";
				ENABLE_PREVIEWS = YES;
				INFOPLIST_FILE = SwiftUITest1/Info.plist;
				LD_RUNPATH_SEARCH_PATHS = (
					"$(inherited)",
					"@executable_path/Frameworks",
				);
				OTHER_LDFLAGS = (
					"-weak_framework",
					SwiftUI,
				);
				PRODUCT_BUNDLE_IDENTIFIER = pl.SwiftUITest1;
				PRODUCT_NAME = "$(TARGET_NAME)";
				SWIFT_VERSION = 5.0;
				TARGETED_DEVICE_FAMILY = "1,2";
			};
			name = Release;
		};
/* End XCBuildConfiguration section */

/* Begin XCConfigurationList section */
		237028EA2376072B00DE8E49 /* Build configuration list for PBXProject "SwiftUITest1" */ = {
			isa = XCConfigurationList;
			buildConfigurations = (
				237029012376072C00DE8E49 /* Debug */,
				237029022376072C00DE8E49 /* Release */,
			);
			defaultConfigurationIsVisible = 0;
			defaultConfigurationName = Release;
		};
		237029032376072C00DE8E49 /* Build configuration list for PBXNativeTarget "SwiftUITest1" */ = {
			isa = XCConfigurationList;
			buildConfigurations = (
				237029042376072C00DE8E49 /* Debug */,
				237029052376072C00DE8E49 /* Release */,
			);
			defaultConfigurationIsVisible = 0;
			defaultConfigurationName = Release;
		};
/* End XCConfigurationList section */
	};
	rootObject = 237028E72376072B00DE8E49 /* Project object */;
}
